
Microsoft Visual Studio Solution File, Format Version 12.00
# Visual Studio 15
VisualStudioVersion = 15.0.26124.0
MinimumVisualStudioVersion = 15.0.26124.0
Project("{FAE04EC0-301F-11D3-BF4B-00C04F79EFBC}") = "raytracer.xUnit", "xUnit\raytracer.xUnit.csproj", "{4BA796A2-F34B-4BB8-A805-833F5C31BB6C}"
EndProject
Project("{FAE04EC0-301F-11D3-BF4B-00C04F79EFBC}") = "raytracer", "raytracer\raytracer.csproj", "{4A52CE1D-3218-4841-B055-BF9E5E2D77A0}"
EndProject
Project("{FAE04EC0-301F-11D3-BF4B-00C04F79EFBC}") = "raytRacer.runner", "raytRacer.runner\raytRacer.runner.csproj", "{0BE8124A-F7C9-4BB6-A32E-F45C4FC9EE8D}"
EndProject
Global
	GlobalSection(SolutionConfigurationPlatforms) = preSolution
		Debug|Any CPU = Debug|Any CPU
		Debug|x64 = Debug|x64
		Debug|x86 = Debug|x86
		Release|Any CPU = Release|Any CPU
		Release|x64 = Release|x64
		Release|x86 = Release|x86
	EndGlobalSection
	GlobalSection(SolutionProperties) = preSolution
		HideSolutionNode = FALSE
	EndGlobalSection
	GlobalSection(ProjectConfigurationPlatforms) = postSolution
		{4BA796A2-F34B-4BB8-A805-833F5C31BB6C}.Debug|Any CPU.ActiveCfg = Debug|Any CPU
		{4BA796A2-F34B-4BB8-A805-833F5C31BB6C}.Debug|Any CPU.Build.0 = Debug|Any CPU
		{4BA796A2-F34B-4BB8-A805-833F5C31BB6C}.Debug|x64.ActiveCfg = Debug|Any CPU
		{4BA796A2-F34B-4BB8-A805-833F5C31BB6C}.Debug|x64.Build.0 = Debug|Any CPU
		{4BA796A2-F34B-4BB8-A805-833F5C31BB6C}.Debug|x86.ActiveCfg = Debug|Any CPU
		{4BA796A2-F34B-4BB8-A805-833F5C31BB6C}.Debug|x86.Build.0 = Debug|Any CPU
		{4BA796A2-F34B-4BB8-A805-833F5C31BB6C}.Release|Any CPU.ActiveCfg = Release|Any CPU
		{4BA796A2-F34B-4BB8-A805-833F5C31BB6C}.Release|Any CPU.Build.0 = Release|Any CPU
		{4BA796A2-F34B-4BB8-A805-833F5C31BB6C}.Release|x64.ActiveCfg = Release|Any CPU
		{4BA796A2-F34B-4BB8-A805-833F5C31BB6C}.Release|x64.Build.0 = Release|Any CPU
		{4BA796A2-F34B-4BB8-A805-833F5C31BB6C}.Release|x86.ActiveCfg = Release|Any CPU
		{4BA796A2-F34B-4BB8-A805-833F5C31BB6C}.Release|x86.Build.0 = Release|Any CPU
		{4A52CE1D-3218-4841-B055-BF9E5E2D77A0}.Debug|Any CPU.ActiveCfg = Debug|Any CPU
		{4A52CE1D-3218-4841-B055-BF9E5E2D77A0}.Debug|Any CPU.Build.0 = Debug|Any CPU
		{4A52CE1D-3218-4841-B055-BF9E5E2D77A0}.Debug|x64.ActiveCfg = Debug|Any CPU
		{4A52CE1D-3218-4841-B055-BF9E5E2D77A0}.Debug|x64.Build.0 = Debug|Any CPU
		{4A52CE1D-3218-4841-B055-BF9E5E2D77A0}.Debug|x86.ActiveCfg = Debug|Any CPU
		{4A52CE1D-3218-4841-B055-BF9E5E2D77A0}.Debug|x86.Build.0 = Debug|Any CPU
		{4A52CE1D-3218-4841-B055-BF9E5E2D77A0}.Release|Any CPU.ActiveCfg = Release|Any CPU
		{4A52CE1D-3218-4841-B055-BF9E5E2D77A0}.Release|Any CPU.Build.0 = Release|Any CPU
		{4A52CE1D-3218-4841-B055-BF9E5E2D77A0}.Release|x64.ActiveCfg = Release|Any CPU
		{4A52CE1D-3218-4841-B055-BF9E5E2D77A0}.Release|x64.Build.0 = Release|Any CPU
		{4A52CE1D-3218-4841-B055-BF9E5E2D77A0}.Release|x86.ActiveCfg = Release|Any CPU
		{4A52CE1D-3218-4841-B055-BF9E5E2D77A0}.Release|x86.Build.0 = Release|Any CPU
		{0BE8124A-F7C9-4BB6-A32E-F45C4FC9EE8D}.Debug|Any CPU.ActiveCfg = Debug|Any CPU
		{0BE8124A-F7C9-4BB6-A32E-F45C4FC9EE8D}.Debug|Any CPU.Build.0 = Debug|Any CPU
		{0BE8124A-F7C9-4BB6-A32E-F45C4FC9EE8D}.Debug|x64.ActiveCfg = Debug|Any CPU
		{0BE8124A-F7C9-4BB6-A32E-F45C4FC9EE8D}.Debug|x64.Build.0 = Debug|Any CPU
		{0BE8124A-F7C9-4BB6-A32E-F45C4FC9EE8D}.Debug|x86.ActiveCfg = Debug|Any CPU
		{0BE8124A-F7C9-4BB6-A32E-F45C4FC9EE8D}.Debug|x86.Build.0 = Debug|Any CPU
		{0BE8124A-F7C9-4BB6-A32E-F45C4FC9EE8D}.Release|Any CPU.ActiveCfg = Release|Any CPU
		{0BE8124A-F7C9-4BB6-A32E-F45C4FC9EE8D}.Release|Any CPU.Build.0 = Release|Any CPU
		{0BE8124A-F7C9-4BB6-A32E-F45C4FC9EE8D}.Release|x64.ActiveCfg = Release|Any CPU
		{0BE8124A-F7C9-4BB6-A32E-F45C4FC9EE8D}.Release|x64.Build.0 = Release|Any CPU
		{0BE8124A-F7C9-4BB6-A32E-F45C4FC9EE8D}.Release|x86.ActiveCfg = Release|Any CPU
		{0BE8124A-F7C9-4BB6-A32E-F45C4FC9EE8D}.Release|x86.Build.0 = Release|Any CPU
	EndGlobalSection
EndGlobal
